
Microsoft Visual Studio Solution File, Format Version 12.00
# Visual Studio Version 16
VisualStudioVersion = 16.0.31613.86
MinimumVisualStudioVersion = 10.0.40219.1
Project("{FAE04EC0-301F-11D3-BF4B-00C04F79EFBC}") = "TwentyOne", "TwentyOne\TwentyOne.csproj", "{6FD5AC42-2A19-4739-AB8D-B05D621F9199}"
EndProject
Global
	GlobalSection(SolutionConfigurationPlatforms) = preSolution
		Debug|Any CPU = Debug|Any CPU
		Release|Any CPU = Release|Any CPU
	EndGlobalSection
	GlobalSection(ProjectConfigurationPlatforms) = postSolution
		{6FD5AC42-2A19-4739-AB8D-B05D621F9199}.Debug|Any CPU.ActiveCfg = Debug|Any CPU
		{6FD5AC42-2A19-4739-AB8D-B05D621F9199}.Debug|Any CPU.Build.0 = Debug|Any CPU
		{6FD5AC42-2A19-4739-AB8D-B05D621F9199}.Release|Any CPU.ActiveCfg = Release|Any CPU
		{6FD5AC42-2A19-4739-AB8D-B05D621F9199}.Release|Any CPU.Build.0 = Release|Any CPU
	EndGlobalSection
	GlobalSection(SolutionProperties) = preSolution
		HideSolutionNode = FALSE
	EndGlobalSection
	GlobalSection(ExtensibilityGlobals) = postSolution
		SolutionGuid = {51C10488-359C-475B-9B90-C4F281EE793D}
	EndGlobalSection
EndGlobal
